
Microsoft Visual Studio Solution File, Format Version 12.00
# Visual Studio Version 16
VisualStudioVersion = 16.0.29411.108
MinimumVisualStudioVersion = 10.0.40219.1
Project("{9A19103F-16F7-4668-BE54-9A1E7A4F7556}") = "NewFeatures.Cons", "NewFeatures.Cons\NewFeatures.Cons.csproj", "{077164E2-3217-48E5-A766-22DF898BDEBE}"
EndProject
Global
	GlobalSection(SolutionConfigurationPlatforms) = preSolution
		Debug|Any CPU = Debug|Any CPU
		Release|Any CPU = Release|Any CPU
	EndGlobalSection
	GlobalSection(ProjectConfigurationPlatforms) = postSolution
		{077164E2-3217-48E5-A766-22DF898BDEBE}.Debug|Any CPU.ActiveCfg = Debug|Any CPU
		{077164E2-3217-48E5-A766-22DF898BDEBE}.Debug|Any CPU.Build.0 = Debug|Any CPU
		{077164E2-3217-48E5-A766-22DF898BDEBE}.Release|Any CPU.ActiveCfg = Release|Any CPU
		{077164E2-3217-48E5-A766-22DF898BDEBE}.Release|Any CPU.Build.0 = Release|Any CPU
	EndGlobalSection
	GlobalSection(SolutionProperties) = preSolution
		HideSolutionNode = FALSE
	EndGlobalSection
	GlobalSection(ExtensibilityGlobals) = postSolution
		SolutionGuid = {598297BE-5B0F-48E9-8C58-985D0DDF6507}
	EndGlobalSection
EndGlobal
